
Microsoft Visual Studio Solution File, Format Version 12.00
# Visual Studio 15
VisualStudioVersion = 15.0.26430.14
MinimumVisualStudioVersion = 10.0.40219.1
Project("{FAE04EC0-301F-11D3-BF4B-00C04F79EFBC}") = "ShoppingCartWithDatabase", "ShoppingCartWithDatabase\ShoppingCartWithDatabase.csproj", "{BF9E1C64-6533-4420-A2E9-2C427986D2C8}"
EndProject
Project("{FAE04EC0-301F-11D3-BF4B-00C04F79EFBC}") = "DBAPage", "DBAPage\DBAPage.csproj", "{763D6F80-B504-4430-83B5-1135782FB52E}"
EndProject
Global
	GlobalSection(SolutionConfigurationPlatforms) = preSolution
		Debug|Any CPU = Debug|Any CPU
		Release|Any CPU = Release|Any CPU
	EndGlobalSection
	GlobalSection(ProjectConfigurationPlatforms) = postSolution
		{BF9E1C64-6533-4420-A2E9-2C427986D2C8}.Debug|Any CPU.ActiveCfg = Debug|Any CPU
		{BF9E1C64-6533-4420-A2E9-2C427986D2C8}.Debug|Any CPU.Build.0 = Debug|Any CPU
		{BF9E1C64-6533-4420-A2E9-2C427986D2C8}.Release|Any CPU.ActiveCfg = Release|Any CPU
		{BF9E1C64-6533-4420-A2E9-2C427986D2C8}.Release|Any CPU.Build.0 = Release|Any CPU
		{763D6F80-B504-4430-83B5-1135782FB52E}.Debug|Any CPU.ActiveCfg = Debug|Any CPU
		{763D6F80-B504-4430-83B5-1135782FB52E}.Debug|Any CPU.Build.0 = Debug|Any CPU
		{763D6F80-B504-4430-83B5-1135782FB52E}.Release|Any CPU.ActiveCfg = Release|Any CPU
		{763D6F80-B504-4430-83B5-1135782FB52E}.Release|Any CPU.Build.0 = Release|Any CPU
	EndGlobalSection
	GlobalSection(SolutionProperties) = preSolution
		HideSolutionNode = FALSE
	EndGlobalSection
EndGlobal
